
Microsoft Visual Studio Solution File, Format Version 12.00
# Visual Studio Version 16
VisualStudioVersion = 16.0.30204.135
MinimumVisualStudioVersion = 10.0.40219.1
Project("{8BC9CEB8-8B4A-11D0-8D11-00A0C91BC942}") = "PtzFollowTest", "PtzFollowTest\PtzFollowTest.vcxproj", "{6A390E09-85F3-4497-A2AF-475416B9335F}"
EndProject
Global
	GlobalSection(SolutionConfigurationPlatforms) = preSolution
		Debug|x64 = Debug|x64
		Release|x64 = Release|x64
	EndGlobalSection
	GlobalSection(ProjectConfigurationPlatforms) = postSolution
		{6A390E09-85F3-4497-A2AF-475416B9335F}.Debug|x64.ActiveCfg = Debug|x64
		{6A390E09-85F3-4497-A2AF-475416B9335F}.Debug|x64.Build.0 = Debug|x64
		{6A390E09-85F3-4497-A2AF-475416B9335F}.Release|x64.ActiveCfg = Release|x64
		{6A390E09-85F3-4497-A2AF-475416B9335F}.Release|x64.Build.0 = Release|x64
	EndGlobalSection
	GlobalSection(SolutionProperties) = preSolution
		HideSolutionNode = FALSE
	EndGlobalSection
	GlobalSection(ExtensibilityGlobals) = postSolution
		SolutionGuid = {75651CEB-0823-499F-ACCF-47727CC76E01}
	EndGlobalSection
EndGlobal
